
Microsoft Visual Studio Solution File, Format Version 12.00
# Visual Studio Version 16
VisualStudioVersion = 16.0.30907.101
MinimumVisualStudioVersion = 10.0.40219.1
Project("{FAE04EC0-301F-11D3-BF4B-00C04F79EFBC}") = "SPOS", "SPOS.csproj", "{A458416D-E5D5-4929-9F99-485B99DA5856}"
EndProject
Global
	GlobalSection(SolutionConfigurationPlatforms) = preSolution
		Debug|Any CPU = Debug|Any CPU
		Release|Any CPU = Release|Any CPU
	EndGlobalSection
	GlobalSection(ProjectConfigurationPlatforms) = postSolution
		{A458416D-E5D5-4929-9F99-485B99DA5856}.Debug|Any CPU.ActiveCfg = Debug|Any CPU
		{A458416D-E5D5-4929-9F99-485B99DA5856}.Debug|Any CPU.Build.0 = Debug|Any CPU
		{A458416D-E5D5-4929-9F99-485B99DA5856}.Release|Any CPU.ActiveCfg = Release|Any CPU
		{A458416D-E5D5-4929-9F99-485B99DA5856}.Release|Any CPU.Build.0 = Release|Any CPU
	EndGlobalSection
	GlobalSection(SolutionProperties) = preSolution
		HideSolutionNode = FALSE
	EndGlobalSection
	GlobalSection(ExtensibilityGlobals) = postSolution
		SolutionGuid = {EF1B8042-A2AF-426B-BD55-9C5C83E16B91}
	EndGlobalSection
EndGlobal
