
Microsoft Visual Studio Solution File, Format Version 12.00
# Visual Studio Version 16
VisualStudioVersion = 16.0.30907.101
MinimumVisualStudioVersion = 10.0.40219.1
Project("{9A19103F-16F7-4668-BE54-9A1E7A4F7556}") = "Rest", "Rest.csproj", "{A1E1FCE9-65C0-4912-A1C5-692E737D6E23}"
EndProject
Project("{2150E333-8FDC-42A3-9474-1A3956D46DE8}") = "Solution Items", "Solution Items", "{45CC87C7-E269-459F-B715-131938AE8A5C}"
	ProjectSection(SolutionItems) = preProject
		.editorconfig = .editorconfig
	EndProjectSection
EndProject
Global
	GlobalSection(SolutionConfigurationPlatforms) = preSolution
		Debug|Any CPU = Debug|Any CPU
		Release|Any CPU = Release|Any CPU
	EndGlobalSection
	GlobalSection(ProjectConfigurationPlatforms) = postSolution
		{A1E1FCE9-65C0-4912-A1C5-692E737D6E23}.Debug|Any CPU.ActiveCfg = Debug|Any CPU
		{A1E1FCE9-65C0-4912-A1C5-692E737D6E23}.Debug|Any CPU.Build.0 = Debug|Any CPU
		{A1E1FCE9-65C0-4912-A1C5-692E737D6E23}.Release|Any CPU.ActiveCfg = Release|Any CPU
		{A1E1FCE9-65C0-4912-A1C5-692E737D6E23}.Release|Any CPU.Build.0 = Release|Any CPU
	EndGlobalSection
	GlobalSection(SolutionProperties) = preSolution
		HideSolutionNode = FALSE
	EndGlobalSection
	GlobalSection(ExtensibilityGlobals) = postSolution
		SolutionGuid = {7DE47E00-333A-4EFE-8FC6-65DF9875A31C}
	EndGlobalSection
EndGlobal
